<?xml version="1.0" encoding="utf-8"?>
<Project ToolsVersion="4.0" xmlns="http://schemas.microsoft.com/developer/msbuild/2003">
  <ItemGroup>
    <ClCompile Include="analyzer.cpp">
      <Filter>Source Files</Filter>
    </ClCompile>
    <ClCompile Include="connectinfo.cpp">
      <Filter>Source Files</Filter>
    </ClCompile>
    <ClCompile Include="event.cpp">
      <Filter>Source Files</Filter>
    </ClCompile>
    <ClCompile Include="fdinfo.cpp">
      <Filter>Source Files</Filter>
    </ClCompile>
    <ClCompile Include="ifinfo.cpp">
      <Filter>Source Files</Filter>
    </ClCompile>
    <ClCompile Include="internal_metrics.cpp">
      <Filter>Source Files</Filter>
    </ClCompile>
    <ClCompile Include="parser_http.cpp">
      <Filter>Source Files</Filter>
    </ClCompile>
    <ClCompile Include="parsers.cpp">
      <Filter>Source Files</Filter>
    </ClCompile>
    <ClCompile Include="sinsp.cpp">
      <Filter>Source Files</Filter>
    </ClCompile>
    <ClCompile Include="transactinfo.cpp">
      <Filter>Source Files</Filter>
    </ClCompile>
    <ClCompile Include="utils.cpp">
      <Filter>Source Files</Filter>
    </ClCompile>
    <ClCompile Include="stats.cpp">
      <Filter>Source Files</Filter>
    </ClCompile>
    <ClCompile Include="draios.pb.cc">
      <Filter>Source Files</Filter>
    </ClCompile>
    <ClCompile Include="config.cpp">
      <Filter>Source Files</Filter>
    </ClCompile>
    <ClCompile Include="logger.cpp">
      <Filter>Source Files</Filter>
    </ClCompile>
    <ClCompile Include="metrics.cpp">
      <Filter>Source Files</Filter>
    </ClCompile>
    <ClCompile Include="threadinfo.cpp">
      <Filter>Source Files</Filter>
    </ClCompile>
    <ClCompile Include="filter.cpp">
      <Filter>Source Files</Filter>
    </ClCompile>
    <ClCompile Include="scores.cpp">
      <Filter>Source Files</Filter>
    </ClCompile>
    <ClCompile Include="procfs_parser.cpp">
      <Filter>Source Files</Filter>
    </ClCompile>
    <ClCompile Include="filterchecks.cpp">
      <Filter>Source Files</Filter>
    </ClCompile>
    <ClCompile Include="sched_analyzer.cpp">
      <Filter>Source Files</Filter>
    </ClCompile>
  </ItemGroup>
  <ItemGroup>
    <ClInclude Include="analyzer.h">
      <Filter>Header Files</Filter>
    </ClInclude>
    <ClInclude Include="connectinfo.h">
      <Filter>Header Files</Filter>
    </ClInclude>
    <ClInclude Include="event.h">
      <Filter>Header Files</Filter>
    </ClInclude>
    <ClInclude Include="fdinfo.h">
      <Filter>Header Files</Filter>
    </ClInclude>
    <ClInclude Include="ifinfo.h">
      <Filter>Header Files</Filter>
    </ClInclude>
    <ClInclude Include="internal_metrics.h">
      <Filter>Header Files</Filter>
    </ClInclude>
    <ClInclude Include="parser_http.h">
      <Filter>Header Files</Filter>
    </ClInclude>
    <ClInclude Include="parsers.h">
      <Filter>Header Files</Filter>
    </ClInclude>
    <ClInclude Include="..\..\driver\ppm_events_public.h">
      <Filter>Header Files</Filter>
    </ClInclude>
    <ClInclude Include="..\..\driver\ppm_ringbuffer.h">
      <Filter>Header Files</Filter>
    </ClInclude>
    <ClInclude Include="..\..\driver\ppm_types.h">
      <Filter>Header Files</Filter>
    </ClInclude>
    <ClInclude Include="settings.h">
      <Filter>Header Files</Filter>
    </ClInclude>
    <ClInclude Include="sinsp.h">
      <Filter>Header Files</Filter>
    </ClInclude>
    <ClInclude Include="sinsp_errno.h">
      <Filter>Header Files</Filter>
    </ClInclude>
    <ClInclude Include="sinsp_int.h">
      <Filter>Header Files</Filter>
    </ClInclude>
    <ClInclude Include="sinsp_signal.h">
      <Filter>Header Files</Filter>
    </ClInclude>
    <ClInclude Include="stats.h">
      <Filter>Header Files</Filter>
    </ClInclude>
    <ClInclude Include="transactinfo.h">
      <Filter>Header Files</Filter>
    </ClInclude>
    <ClInclude Include="utils.h">
      <Filter>Header Files</Filter>
    </ClInclude>
    <ClInclude Include="draios.pb.h">
      <Filter>Header Files</Filter>
    </ClInclude>
    <ClInclude Include="config.h">
      <Filter>Header Files</Filter>
    </ClInclude>
    <ClInclude Include="logger.h">
      <Filter>Header Files</Filter>
    </ClInclude>
    <ClInclude Include="metrics.h">
      <Filter>Header Files</Filter>
    </ClInclude>
    <ClInclude Include="threadinfo.h">
      <Filter>Header Files</Filter>
    </ClInclude>
    <ClInclude Include="filter.h">
      <Filter>Header Files</Filter>
    </ClInclude>
    <ClInclude Include="scores.h">
      <Filter>Header Files</Filter>
    </ClInclude>
    <ClInclude Include="procfs_parser.h">
      <Filter>Header Files</Filter>
    </ClInclude>
    <ClInclude Include="filterchecks.h">
      <Filter>Header Files</Filter>
    </ClInclude>
    <ClInclude Include="sched_analyzer.h">
      <Filter>Header Files</Filter>
    </ClInclude>
  </ItemGroup>
  <ItemGroup>
    <Filter Include="Source Files">
      <UniqueIdentifier>{0c4ca121-756a-4ac8-84db-8e9eb7d79d8a}</UniqueIdentifier>
    </Filter>
    <Filter Include="Header Files">
      <UniqueIdentifier>{7a30d38b-3fdd-4205-82aa-01206446965d}</UniqueIdentifier>
    </Filter>
  </ItemGroup>
</Project>