<?xml version="1.0" encoding="utf-8"?>
<Project ToolsVersion="4.0" xmlns="http://schemas.microsoft.com/developer/msbuild/2003">
  <ItemGroup>
    <Filter Include="Header Files">
      <UniqueIdentifier>{3f8dedb0-50af-4279-925e-0fe456776ac1}</UniqueIdentifier>
    </Filter>
    <Filter Include="Source Files">
      <UniqueIdentifier>{5161e5a5-505c-4b6d-9988-f503cfe0b0c8}</UniqueIdentifier>
    </Filter>
  </ItemGroup>
  <ItemGroup>
    <ClCompile Include="..\..\..\sysdig\userspace\libsinsp\dumper.cpp">
      <Filter>Source Files</Filter>
    </ClCompile>
    <ClCompile Include="..\..\..\sysdig\userspace\libsinsp\event.cpp">
      <Filter>Source Files</Filter>
    </ClCompile>
    <ClCompile Include="..\..\..\sysdig\userspace\libsinsp\eventformatter.cpp">
      <Filter>Source Files</Filter>
    </ClCompile>
    <ClCompile Include="..\..\..\sysdig\userspace\libsinsp\fdinfo.cpp">
      <Filter>Source Files</Filter>
    </ClCompile>
    <ClCompile Include="..\..\..\sysdig\userspace\libsinsp\filter.cpp">
      <Filter>Source Files</Filter>
    </ClCompile>
    <ClCompile Include="..\..\..\sysdig\userspace\libsinsp\filterchecks.cpp">
      <Filter>Source Files</Filter>
    </ClCompile>
    <ClCompile Include="..\..\..\sysdig\userspace\libsinsp\ifinfo.cpp">
      <Filter>Source Files</Filter>
    </ClCompile>
    <ClCompile Include="..\..\..\sysdig\userspace\libsinsp\internal_metrics.cpp">
      <Filter>Source Files</Filter>
    </ClCompile>
    <ClCompile Include="..\..\..\sysdig\userspace\libsinsp\logger.cpp">
      <Filter>Source Files</Filter>
    </ClCompile>
    <ClCompile Include="..\..\..\sysdig\userspace\libsinsp\parsers.cpp">
      <Filter>Source Files</Filter>
    </ClCompile>
    <ClCompile Include="..\..\..\sysdig\userspace\libsinsp\sinsp.cpp">
      <Filter>Source Files</Filter>
    </ClCompile>
    <ClCompile Include="..\..\..\sysdig\userspace\libsinsp\stats.cpp">
      <Filter>Source Files</Filter>
    </ClCompile>
    <ClCompile Include="..\..\..\sysdig\userspace\libsinsp\threadinfo.cpp">
      <Filter>Source Files</Filter>
    </ClCompile>
    <ClCompile Include="..\..\..\sysdig\userspace\libsinsp\utils.cpp">
      <Filter>Source Files</Filter>
    </ClCompile>
    <ClCompile Include="analyzer.cpp">
      <Filter>Source Files</Filter>
    </ClCompile>
    <ClCompile Include="analyzer_fd.cpp">
      <Filter>Source Files</Filter>
    </ClCompile>
    <ClCompile Include="analyzer_thread.cpp">
      <Filter>Source Files</Filter>
    </ClCompile>
    <ClCompile Include="analyzer_utils.cpp">
      <Filter>Source Files</Filter>
    </ClCompile>
    <ClCompile Include="config.cpp">
      <Filter>Source Files</Filter>
    </ClCompile>
    <ClCompile Include="connectinfo.cpp">
      <Filter>Source Files</Filter>
    </ClCompile>
    <ClCompile Include="delays.cpp">
      <Filter>Source Files</Filter>
    </ClCompile>
    <ClCompile Include="metrics.cpp">
      <Filter>Source Files</Filter>
    </ClCompile>
    <ClCompile Include="parser_http.cpp">
      <Filter>Source Files</Filter>
    </ClCompile>
    <ClCompile Include="procfs_parser.cpp">
      <Filter>Source Files</Filter>
    </ClCompile>
    <ClCompile Include="sched_analyzer.cpp">
      <Filter>Source Files</Filter>
    </ClCompile>
    <ClCompile Include="scores.cpp">
      <Filter>Source Files</Filter>
    </ClCompile>
    <ClCompile Include="transactinfo.cpp">
      <Filter>Source Files</Filter>
    </ClCompile>
    <ClCompile Include="draios.pb.cc">
      <Filter>Source Files</Filter>
    </ClCompile>
    <ClCompile Include="..\..\..\sysdig\userspace\libsinsp\chisel.cpp">
      <Filter>Source Files</Filter>
    </ClCompile>
    <ClCompile Include="..\..\..\sysdig\userspace\libsinsp\third-party\jsoncpp\jsoncpp.cpp">
      <Filter>Source Files</Filter>
    </ClCompile>
    <ClCompile Include="analyzer_parsers.cpp">
      <Filter>Source Files</Filter>
    </ClCompile>
    <ClCompile Include="..\..\..\sysdig\userspace\libsinsp\memmem.cpp">
      <Filter>Source Files</Filter>
    </ClCompile>
    <ClCompile Include="..\..\..\sysdig\userspace\libsinsp\protodecoder.cpp">
      <Filter>Source Files</Filter>
    </ClCompile>
    <ClCompile Include="..\..\..\sysdig\userspace\libsinsp\cyclewriter.cpp">
      <Filter>Source Files</Filter>
    </ClCompile>
    <ClCompile Include="..\..\..\sysdig\userspace\libsinsp\chisel_api.cpp">
      <Filter>Source Files</Filter>
    </ClCompile>
  </ItemGroup>
  <ItemGroup>
    <ClInclude Include="..\..\..\sysdig\userspace\libsinsp\dumper.h">
      <Filter>Header Files</Filter>
    </ClInclude>
    <ClInclude Include="..\..\..\sysdig\userspace\libsinsp\event.h">
      <Filter>Header Files</Filter>
    </ClInclude>
    <ClInclude Include="..\..\..\sysdig\userspace\libsinsp\eventformatter.h">
      <Filter>Header Files</Filter>
    </ClInclude>
    <ClInclude Include="..\..\..\sysdig\userspace\libsinsp\fdinfo.h">
      <Filter>Header Files</Filter>
    </ClInclude>
    <ClInclude Include="..\..\..\sysdig\userspace\libsinsp\filter.h">
      <Filter>Header Files</Filter>
    </ClInclude>
    <ClInclude Include="..\..\..\sysdig\userspace\libsinsp\filterchecks.h">
      <Filter>Header Files</Filter>
    </ClInclude>
    <ClInclude Include="..\..\..\sysdig\userspace\libsinsp\ifinfo.h">
      <Filter>Header Files</Filter>
    </ClInclude>
    <ClInclude Include="..\..\..\sysdig\userspace\libsinsp\internal_metrics.h">
      <Filter>Header Files</Filter>
    </ClInclude>
    <ClInclude Include="..\..\..\sysdig\userspace\libsinsp\logger.h">
      <Filter>Header Files</Filter>
    </ClInclude>
    <ClInclude Include="..\..\..\sysdig\userspace\libsinsp\parsers.h">
      <Filter>Header Files</Filter>
    </ClInclude>
    <ClInclude Include="..\..\..\sysdig\userspace\libsinsp\settings.h">
      <Filter>Header Files</Filter>
    </ClInclude>
    <ClInclude Include="..\..\..\sysdig\userspace\libsinsp\sinsp.h">
      <Filter>Header Files</Filter>
    </ClInclude>
    <ClInclude Include="..\..\..\sysdig\userspace\libsinsp\sinsp_errno.h">
      <Filter>Header Files</Filter>
    </ClInclude>
    <ClInclude Include="..\..\..\sysdig\userspace\libsinsp\sinsp_int.h">
      <Filter>Header Files</Filter>
    </ClInclude>
    <ClInclude Include="..\..\..\sysdig\userspace\libsinsp\sinsp_signal.h">
      <Filter>Header Files</Filter>
    </ClInclude>
    <ClInclude Include="..\..\..\sysdig\userspace\libsinsp\stats.h">
      <Filter>Header Files</Filter>
    </ClInclude>
    <ClInclude Include="..\..\..\sysdig\userspace\libsinsp\threadinfo.h">
      <Filter>Header Files</Filter>
    </ClInclude>
    <ClInclude Include="..\..\..\sysdig\userspace\libsinsp\tuples.h">
      <Filter>Header Files</Filter>
    </ClInclude>
    <ClInclude Include="..\..\..\sysdig\userspace\libsinsp\utils.h">
      <Filter>Header Files</Filter>
    </ClInclude>
    <ClInclude Include="analyzer.h">
      <Filter>Header Files</Filter>
    </ClInclude>
    <ClInclude Include="analyzer_fd.h">
      <Filter>Header Files</Filter>
    </ClInclude>
    <ClInclude Include="analyzer_int.h">
      <Filter>Header Files</Filter>
    </ClInclude>
    <ClInclude Include="analyzer_settings.h">
      <Filter>Header Files</Filter>
    </ClInclude>
    <ClInclude Include="analyzer_thread.h">
      <Filter>Header Files</Filter>
    </ClInclude>
    <ClInclude Include="analyzer_utils.h">
      <Filter>Header Files</Filter>
    </ClInclude>
    <ClInclude Include="config.h">
      <Filter>Header Files</Filter>
    </ClInclude>
    <ClInclude Include="connectinfo.h">
      <Filter>Header Files</Filter>
    </ClInclude>
    <ClInclude Include="delays.h">
      <Filter>Header Files</Filter>
    </ClInclude>
    <ClInclude Include="draios.pb.h">
      <Filter>Header Files</Filter>
    </ClInclude>
    <ClInclude Include="metrics.h">
      <Filter>Header Files</Filter>
    </ClInclude>
    <ClInclude Include="parser_http.h">
      <Filter>Header Files</Filter>
    </ClInclude>
    <ClInclude Include="procfs_parser.h">
      <Filter>Header Files</Filter>
    </ClInclude>
    <ClInclude Include="sched_analyzer.h">
      <Filter>Header Files</Filter>
    </ClInclude>
    <ClInclude Include="scores.h">
      <Filter>Header Files</Filter>
    </ClInclude>
    <ClInclude Include="transactinfo.h">
      <Filter>Header Files</Filter>
    </ClInclude>
    <ClInclude Include="..\..\..\sysdig\userspace\libsinsp\chisel.h">
      <Filter>Header Files</Filter>
    </ClInclude>
    <ClInclude Include="analyzer_parsers.h">
      <Filter>Header Files</Filter>
    </ClInclude>
    <ClInclude Include="..\..\..\sysdig\userspace\libsinsp\protodecoder.h">
      <Filter>Header Files</Filter>
    </ClInclude>
    <ClInclude Include="..\..\..\sysdig\userspace\libsinsp\cyclewriter.h">
      <Filter>Header Files</Filter>
    </ClInclude>
    <ClInclude Include="..\..\..\sysdig\userspace\libsinsp\chisel_api.h">
      <Filter>Header Files</Filter>
    </ClInclude>
  </ItemGroup>
</Project>