<?xml version="1.0" encoding="utf-8"?>
<Project ToolsVersion="4.0" xmlns="http://schemas.microsoft.com/developer/msbuild/2003">
  <ItemGroup>
    <ClCompile Include="analyzer.cpp">
      <Filter>Source Files</Filter>
    </ClCompile>
    <ClCompile Include="analyzer_fd.cpp">
      <Filter>Source Files</Filter>
    </ClCompile>
    <ClCompile Include="analyzer_thread.cpp">
      <Filter>Source Files</Filter>
    </ClCompile>
    <ClCompile Include="config.cpp">
      <Filter>Source Files</Filter>
    </ClCompile>
    <ClCompile Include="connectinfo.cpp">
      <Filter>Source Files</Filter>
    </ClCompile>
    <ClCompile Include="delays.cpp">
      <Filter>Source Files</Filter>
    </ClCompile>
    <ClCompile Include="draios.pb.cc">
      <Filter>Source Files</Filter>
    </ClCompile>
    <ClCompile Include="metrics.cpp">
      <Filter>Source Files</Filter>
    </ClCompile>
    <ClCompile Include="parser_http.cpp">
      <Filter>Source Files</Filter>
    </ClCompile>
    <ClCompile Include="procfs_parser.cpp">
      <Filter>Source Files</Filter>
    </ClCompile>
    <ClCompile Include="sched_analyzer.cpp">
      <Filter>Source Files</Filter>
    </ClCompile>
    <ClCompile Include="scores.cpp">
      <Filter>Source Files</Filter>
    </ClCompile>
    <ClCompile Include="transactinfo.cpp">
      <Filter>Source Files</Filter>
    </ClCompile>
    <ClCompile Include="..\libsinsp\event.cpp">
      <Filter>Source Files</Filter>
    </ClCompile>
    <ClCompile Include="..\libsinsp\eventformatter.cpp">
      <Filter>Source Files</Filter>
    </ClCompile>
    <ClCompile Include="..\libsinsp\fdinfo.cpp">
      <Filter>Source Files</Filter>
    </ClCompile>
    <ClCompile Include="..\libsinsp\filter.cpp">
      <Filter>Source Files</Filter>
    </ClCompile>
    <ClCompile Include="..\libsinsp\filterchecks.cpp">
      <Filter>Source Files</Filter>
    </ClCompile>
    <ClCompile Include="..\libsinsp\ifinfo.cpp">
      <Filter>Source Files</Filter>
    </ClCompile>
    <ClCompile Include="..\libsinsp\internal_metrics.cpp">
      <Filter>Source Files</Filter>
    </ClCompile>
    <ClCompile Include="..\libsinsp\logger.cpp">
      <Filter>Source Files</Filter>
    </ClCompile>
    <ClCompile Include="..\libsinsp\parsers.cpp">
      <Filter>Source Files</Filter>
    </ClCompile>
    <ClCompile Include="..\libsinsp\sinsp.cpp">
      <Filter>Source Files</Filter>
    </ClCompile>
    <ClCompile Include="..\libsinsp\stats.cpp">
      <Filter>Source Files</Filter>
    </ClCompile>
    <ClCompile Include="..\libsinsp\threadinfo.cpp">
      <Filter>Source Files</Filter>
    </ClCompile>
    <ClCompile Include="..\libsinsp\utils.cpp">
      <Filter>Source Files</Filter>
    </ClCompile>
    <ClCompile Include="..\libsinsp\dumper.cpp">
      <Filter>Source Files</Filter>
    </ClCompile>
    <ClCompile Include="analyzer_utils.cpp">
      <Filter>Source Files</Filter>
    </ClCompile>
  </ItemGroup>
  <ItemGroup>
    <ClInclude Include="analyzer.h">
      <Filter>Header Files</Filter>
    </ClInclude>
    <ClInclude Include="analyzer_fd.h">
      <Filter>Header Files</Filter>
    </ClInclude>
    <ClInclude Include="analyzer_int.h">
      <Filter>Header Files</Filter>
    </ClInclude>
    <ClInclude Include="analyzer_thread.h">
      <Filter>Header Files</Filter>
    </ClInclude>
    <ClInclude Include="config.h">
      <Filter>Header Files</Filter>
    </ClInclude>
    <ClInclude Include="connectinfo.h">
      <Filter>Header Files</Filter>
    </ClInclude>
    <ClInclude Include="delays.h">
      <Filter>Header Files</Filter>
    </ClInclude>
    <ClInclude Include="draios.pb.h">
      <Filter>Header Files</Filter>
    </ClInclude>
    <ClInclude Include="transactinfo.h">
      <Filter>Header Files</Filter>
    </ClInclude>
    <ClInclude Include="metrics.h">
      <Filter>Header Files</Filter>
    </ClInclude>
    <ClInclude Include="parser_http.h">
      <Filter>Header Files</Filter>
    </ClInclude>
    <ClInclude Include="..\..\driver\ppm_events_public.h">
      <Filter>Header Files</Filter>
    </ClInclude>
    <ClInclude Include="..\..\driver\ppm_ringbuffer.h">
      <Filter>Header Files</Filter>
    </ClInclude>
    <ClInclude Include="..\..\driver\ppm_types.h">
      <Filter>Header Files</Filter>
    </ClInclude>
    <ClInclude Include="procfs_parser.h">
      <Filter>Header Files</Filter>
    </ClInclude>
    <ClInclude Include="proto_header.h">
      <Filter>Header Files</Filter>
    </ClInclude>
    <ClInclude Include="sched_analyzer.h">
      <Filter>Header Files</Filter>
    </ClInclude>
    <ClInclude Include="scores.h">
      <Filter>Header Files</Filter>
    </ClInclude>
    <ClInclude Include="..\libsinsp\event.h">
      <Filter>Header Files</Filter>
    </ClInclude>
    <ClInclude Include="..\libsinsp\eventformatter.h">
      <Filter>Header Files</Filter>
    </ClInclude>
    <ClInclude Include="..\libsinsp\fdinfo.h">
      <Filter>Header Files</Filter>
    </ClInclude>
    <ClInclude Include="..\libsinsp\filter.h">
      <Filter>Header Files</Filter>
    </ClInclude>
    <ClInclude Include="..\libsinsp\filterchecks.h">
      <Filter>Header Files</Filter>
    </ClInclude>
    <ClInclude Include="..\libsinsp\ifinfo.h">
      <Filter>Header Files</Filter>
    </ClInclude>
    <ClInclude Include="..\libsinsp\internal_metrics.h">
      <Filter>Header Files</Filter>
    </ClInclude>
    <ClInclude Include="..\libsinsp\logger.h">
      <Filter>Header Files</Filter>
    </ClInclude>
    <ClInclude Include="..\libsinsp\parsers.h">
      <Filter>Header Files</Filter>
    </ClInclude>
    <ClInclude Include="..\libsinsp\settings.h">
      <Filter>Header Files</Filter>
    </ClInclude>
    <ClInclude Include="..\libsinsp\sinsp.h">
      <Filter>Header Files</Filter>
    </ClInclude>
    <ClInclude Include="..\libsinsp\sinsp_errno.h">
      <Filter>Header Files</Filter>
    </ClInclude>
    <ClInclude Include="..\libsinsp\sinsp_int.h">
      <Filter>Header Files</Filter>
    </ClInclude>
    <ClInclude Include="..\libsinsp\sinsp_signal.h">
      <Filter>Header Files</Filter>
    </ClInclude>
    <ClInclude Include="..\libsinsp\stats.h">
      <Filter>Header Files</Filter>
    </ClInclude>
    <ClInclude Include="..\libsinsp\threadinfo.h">
      <Filter>Header Files</Filter>
    </ClInclude>
    <ClInclude Include="..\libsinsp\utils.h">
      <Filter>Header Files</Filter>
    </ClInclude>
    <ClInclude Include="analyzer_settings.h">
      <Filter>Header Files</Filter>
    </ClInclude>
    <ClInclude Include="..\libsinsp\dumper.h">
      <Filter>Header Files</Filter>
    </ClInclude>
    <ClInclude Include="analyzer_utils.h">
      <Filter>Header Files</Filter>
    </ClInclude>
  </ItemGroup>
  <ItemGroup>
    <Filter Include="Header Files">
      <UniqueIdentifier>{3f8dedb0-50af-4279-925e-0fe456776ac1}</UniqueIdentifier>
    </Filter>
    <Filter Include="Source Files">
      <UniqueIdentifier>{5161e5a5-505c-4b6d-9988-f503cfe0b0c8}</UniqueIdentifier>
    </Filter>
  </ItemGroup>
</Project>